PODS:
  - Flutter (1.0.0)
  - login_with_amazon (0.0.1):
    - Flutter

DEPENDENCIES:
  - Flutter (from `.symlinks/flutter/ios`)
  - login_with_amazon (from `.symlinks/plugins/login_with_amazon/ios`)

EXTERNAL SOURCES:
  Flutter:
    :path: ".symlinks/flutter/ios"
  login_with_amazon:
    :path: ".symlinks/plugins/login_with_amazon/ios"

SPEC CHECKSUMS:
  Flutter: 58dd7d1b27887414a370fcccb9e645c08ffd7a6a
  login_with_amazon: 2a59e124da4e297d48d52ae1391262104c3377c8

PODFILE CHECKSUM: a876c2b5792c50fe23595b963e85cbecb327c802

COCOAPODS: 1.7.1
